{
    "name": "dm-tmux",
    "version": "1.0.0",
    "lockfileVersion": 3,
    "requires": true,
    "packages": {
        "": {
            "name": "dm-tmux",
            "version": "1.0.0",
            "license": "ISC",
            "dependencies": {
                "@tmux-node-adapter/lib": "file:lib"
            }
        },
        "lib": {
            "name": "@tmux-node-adapter/lib",
            "version": "1.0.0"
        },
        "node_modules/@tmux-node-adapter/lib": {
            "resolved": "lib",
            "link": true
        }
    }
}
